
Microsoft Visual Studio Solution File, Format Version 12.00
# Visual Studio Version 17
VisualStudioVersion = 17.11.35327.3
MinimumVisualStudioVersion = 10.0.40219.1
Project("{FAE04EC0-301F-11D3-BF4B-00C04F79EFBC}") = "DLL_K215480106063", "DLL_K215480106063\DLL_K215480106063.csproj", "{D1F36191-19A6-4390-9404-3E5255631579}"
EndProject
Project("{FAE04EC0-301F-11D3-BF4B-00C04F79EFBC}") = "WAPP_K215480106063", "WAPP_K215480106063\WAPP_K215480106063.csproj", "{CF1A795A-0EA4-4734-A8C4-99B999144AF2}"
EndProject
Global
	GlobalSection(SolutionConfigurationPlatforms) = preSolution
		Debug|Any CPU = Debug|Any CPU
		Release|Any CPU = Release|Any CPU
	EndGlobalSection
	GlobalSection(ProjectConfigurationPlatforms) = postSolution
		{D1F36191-19A6-4390-9404-3E5255631579}.Debug|Any CPU.ActiveCfg = Debug|Any CPU
		{D1F36191-19A6-4390-9404-3E5255631579}.Debug|Any CPU.Build.0 = Debug|Any CPU
		{D1F36191-19A6-4390-9404-3E5255631579}.Release|Any CPU.ActiveCfg = Release|Any CPU
		{D1F36191-19A6-4390-9404-3E5255631579}.Release|Any CPU.Build.0 = Release|Any CPU
		{CF1A795A-0EA4-4734-A8C4-99B999144AF2}.Debug|Any CPU.ActiveCfg = Debug|Any CPU
		{CF1A795A-0EA4-4734-A8C4-99B999144AF2}.Debug|Any CPU.Build.0 = Debug|Any CPU
		{CF1A795A-0EA4-4734-A8C4-99B999144AF2}.Release|Any CPU.ActiveCfg = Release|Any CPU
		{CF1A795A-0EA4-4734-A8C4-99B999144AF2}.Release|Any CPU.Build.0 = Release|Any CPU
	EndGlobalSection
	GlobalSection(SolutionProperties) = preSolution
		HideSolutionNode = FALSE
	EndGlobalSection
	GlobalSection(ExtensibilityGlobals) = postSolution
		SolutionGuid = {C35F15DF-79E4-4B97-BA1D-5034F75F7A00}
	EndGlobalSection
EndGlobal
